
Microsoft Visual Studio Solution File, Format Version 12.00
# Visual Studio 15
VisualStudioVersion = 15.0.27004.2005
MinimumVisualStudioVersion = 10.0.40219.1
Project("{9A19103F-16F7-4668-BE54-9A1E7A4F7556}") = "Alipay.Demo.PCPayment", "Alipay.Demo.PCPayment\Alipay.Demo.PCPayment.csproj", "{9F1D1F22-E422-4FDD-9F82-3DD7116F9D01}"
EndProject
Project("{2150E333-8FDC-42A3-9474-1A3956D46DE8}") = "Solution Items", "Solution Items", "{6830010E-4BCF-4F82-932E-9BF69793FDEC}"
	ProjectSection(SolutionItems) = preProject
		..\.gitattributes = ..\.gitattributes
		..\.gitignore = ..\.gitignore
		..\LICENSE = ..\LICENSE
		..\README.md = ..\README.md
	EndProjectSection
EndProject
Project("{E53339B2-1760-4266-BCC7-CA923CBCF16C}") = "docker-compose", "docker-compose.dcproj", "{5A83D5CA-F6D8-4C55-8F34-389AB21940F9}"
EndProject
Global
	GlobalSection(SolutionConfigurationPlatforms) = preSolution
		Debug|Any CPU = Debug|Any CPU
		Release|Any CPU = Release|Any CPU
	EndGlobalSection
	GlobalSection(ProjectConfigurationPlatforms) = postSolution
		{9F1D1F22-E422-4FDD-9F82-3DD7116F9D01}.Debug|Any CPU.ActiveCfg = Debug|Any CPU
		{9F1D1F22-E422-4FDD-9F82-3DD7116F9D01}.Debug|Any CPU.Build.0 = Debug|Any CPU
		{9F1D1F22-E422-4FDD-9F82-3DD7116F9D01}.Release|Any CPU.ActiveCfg = Release|Any CPU
		{9F1D1F22-E422-4FDD-9F82-3DD7116F9D01}.Release|Any CPU.Build.0 = Release|Any CPU
		{5A83D5CA-F6D8-4C55-8F34-389AB21940F9}.Debug|Any CPU.ActiveCfg = Debug|Any CPU
		{5A83D5CA-F6D8-4C55-8F34-389AB21940F9}.Debug|Any CPU.Build.0 = Debug|Any CPU
		{5A83D5CA-F6D8-4C55-8F34-389AB21940F9}.Release|Any CPU.ActiveCfg = Release|Any CPU
		{5A83D5CA-F6D8-4C55-8F34-389AB21940F9}.Release|Any CPU.Build.0 = Release|Any CPU
	EndGlobalSection
	GlobalSection(SolutionProperties) = preSolution
		HideSolutionNode = FALSE
	EndGlobalSection
	GlobalSection(ExtensibilityGlobals) = postSolution
		SolutionGuid = {7AD24C05-86ED-4D38-962F-4B7E89ABCEBE}
	EndGlobalSection
EndGlobal
